
Microsoft Visual Studio Solution File, Format Version 12.00
# Visual Studio 15
Project("{FAE04EC0-301F-11D3-BF4B-00C04F79EFBC}") = "Assembly-CSharp", "Assembly-CSharp.csproj", "{EBCBDD05-9D29-55A9-E00A-374376D7DB48}"
EndProject
Project("{FAE04EC0-301F-11D3-BF4B-00C04F79EFBC}") = "Assembly-CSharp-Editor", "Assembly-CSharp-Editor.csproj", "{BBCBDCDC-6087-4934-0B7D-2538D8142405}"
EndProject
Global
	GlobalSection(SolutionConfigurationPlatforms) = preSolution
		Debug|Any CPU = Debug|Any CPU
		Release|Any CPU = Release|Any CPU
	EndGlobalSection
	GlobalSection(ProjectConfigurationPlatforms) = postSolution
		{EBCBDD05-9D29-55A9-E00A-374376D7DB48}.Debug|Any CPU.ActiveCfg = Debug|Any CPU
		{EBCBDD05-9D29-55A9-E00A-374376D7DB48}.Debug|Any CPU.Build.0 = Debug|Any CPU
		{EBCBDD05-9D29-55A9-E00A-374376D7DB48}.Release|Any CPU.ActiveCfg = Release|Any CPU
		{EBCBDD05-9D29-55A9-E00A-374376D7DB48}.Release|Any CPU.Build.0 = Release|Any CPU
		{BBCBDCDC-6087-4934-0B7D-2538D8142405}.Debug|Any CPU.ActiveCfg = Debug|Any CPU
		{BBCBDCDC-6087-4934-0B7D-2538D8142405}.Debug|Any CPU.Build.0 = Debug|Any CPU
		{BBCBDCDC-6087-4934-0B7D-2538D8142405}.Release|Any CPU.ActiveCfg = Release|Any CPU
		{BBCBDCDC-6087-4934-0B7D-2538D8142405}.Release|Any CPU.Build.0 = Release|Any CPU
	EndGlobalSection
	GlobalSection(SolutionProperties) = preSolution
		HideSolutionNode = FALSE
	EndGlobalSection
EndGlobal
