
Microsoft Visual Studio Solution File, Format Version 11.00
# Visual Studio 2010
Project("{FAE04EC0-301F-11D3-BF4B-00C04F79EFBC}") = "Assembly-CSharp", "Assembly-CSharp.csproj", "{33BF93F5-D8BA-93C8-B1D6-7477D6BFE564}"
EndProject
Project("{FAE04EC0-301F-11D3-BF4B-00C04F79EFBC}") = "Assembly-CSharp-Editor", "Assembly-CSharp-Editor.csproj", "{D22C8048-3E2B-FF58-B2FA-0F0CDCB1E354}"
EndProject
Global
	GlobalSection(SolutionConfigurationPlatforms) = preSolution
		Debug|Any CPU = Debug|Any CPU
		Release|Any CPU = Release|Any CPU
	EndGlobalSection
	GlobalSection(ProjectConfigurationPlatforms) = postSolution
		{33BF93F5-D8BA-93C8-B1D6-7477D6BFE564}.Debug|Any CPU.ActiveCfg = Debug|Any CPU
		{33BF93F5-D8BA-93C8-B1D6-7477D6BFE564}.Debug|Any CPU.Build.0 = Debug|Any CPU
		{33BF93F5-D8BA-93C8-B1D6-7477D6BFE564}.Release|Any CPU.ActiveCfg = Release|Any CPU
		{33BF93F5-D8BA-93C8-B1D6-7477D6BFE564}.Release|Any CPU.Build.0 = Release|Any CPU
		{D22C8048-3E2B-FF58-B2FA-0F0CDCB1E354}.Debug|Any CPU.ActiveCfg = Debug|Any CPU
		{D22C8048-3E2B-FF58-B2FA-0F0CDCB1E354}.Debug|Any CPU.Build.0 = Debug|Any CPU
		{D22C8048-3E2B-FF58-B2FA-0F0CDCB1E354}.Release|Any CPU.ActiveCfg = Release|Any CPU
		{D22C8048-3E2B-FF58-B2FA-0F0CDCB1E354}.Release|Any CPU.Build.0 = Release|Any CPU
	EndGlobalSection
	GlobalSection(SolutionProperties) = preSolution
		HideSolutionNode = FALSE
	EndGlobalSection
	GlobalSection(MonoDevelopProperties) = preSolution
		StartupItem = Assembly-CSharp.csproj
	EndGlobalSection
EndGlobal
